
Microsoft Visual Studio Solution File, Format Version 12.00
# Visual Studio Version 17
VisualStudioVersion = 17.0.31903.59
MinimumVisualStudioVersion = 10.0.40219.1
Project("{2150E333-8FDC-42A3-9474-1A3956D46DE8}") = "Plugins", "Plugins", "{07D57EEB-2F50-60C4-C011-FE4FA775C9A8}"
EndProject
Project("{2150E333-8FDC-42A3-9474-1A3956D46DE8}") = "Tag2Attribute", "Tag2Attribute", "{B2A1C3D4-5E6F-7890-1234-56789ABCDEF0}"
EndProject
Project("{FAE04EC0-301F-11D3-BF4B-00C04F79EFBC}") = "GeneratorPluginTest", "Plugins\Tag2Attribute\GeneratorPluginTest\GeneratorPluginTest.csproj", "{BAF77D81-E1AF-4C76-B2C6-88A274109868}"
EndProject
Project("{FAE04EC0-301F-11D3-BF4B-00C04F79EFBC}") = "GeneratorPlugin", "Plugins\Tag2Attribute\GeneratorPlugin\GeneratorPlugin.csproj", "{9985FCAE-9425-4CB2-960F-62B8B2820D79}"
EndProject
Project("{2150E333-8FDC-42A3-9474-1A3956D46DE8}") = "Autofac", "Autofac", "{23EDDC42-979B-DCE4-80CE-6859901A4DC6}"
EndProject
Project("{FAE04EC0-301F-11D3-BF4B-00C04F79EFBC}") = "SeparatedFeatureSteps", "Autofac\SeparatedFeatureSteps\SeparatedFeatureSteps.csproj", "{BACF2C04-7FC7-435C-8A4B-4F3352E4AE19}"
EndProject
Project("{FAE04EC0-301F-11D3-BF4B-00C04F79EFBC}") = "SeparatedFeatureTest", "Autofac\SeparatedFeatureTest\SeparatedFeatureTest.csproj", "{04B57C0E-B012-4D2D-9D82-BD40C043225E}"
EndProject
Project("{FAE04EC0-301F-11D3-BF4B-00C04F79EFBC}") = "SeparatedDriversDef", "Autofac\SeparatedDriversDef\SeparatedDriversDef.csproj", "{089D63EE-254B-46AF-86D3-98B16F9F85FA}"
EndProject
Project("{FAE04EC0-301F-11D3-BF4B-00C04F79EFBC}") = "SeparatedDrivers", "autofac\SeparatedDrivers\SeparatedDrivers.csproj", "{F681AAFA-C4B9-40CB-AD90-F3BA30A30F01}"
EndProject
Global
	GlobalSection(SolutionConfigurationPlatforms) = preSolution
		Debug|Any CPU = Debug|Any CPU
		Debug|x64 = Debug|x64
		Debug|x86 = Debug|x86
		Release|Any CPU = Release|Any CPU
		Release|x64 = Release|x64
		Release|x86 = Release|x86
	EndGlobalSection
	GlobalSection(ProjectConfigurationPlatforms) = postSolution
		{BAF77D81-E1AF-4C76-B2C6-88A274109868}.Debug|Any CPU.ActiveCfg = Debug|Any CPU
		{BAF77D81-E1AF-4C76-B2C6-88A274109868}.Debug|Any CPU.Build.0 = Debug|Any CPU
		{BAF77D81-E1AF-4C76-B2C6-88A274109868}.Debug|x64.ActiveCfg = Debug|Any CPU
		{BAF77D81-E1AF-4C76-B2C6-88A274109868}.Debug|x64.Build.0 = Debug|Any CPU
		{BAF77D81-E1AF-4C76-B2C6-88A274109868}.Debug|x86.ActiveCfg = Debug|Any CPU
		{BAF77D81-E1AF-4C76-B2C6-88A274109868}.Debug|x86.Build.0 = Debug|Any CPU
		{BAF77D81-E1AF-4C76-B2C6-88A274109868}.Release|Any CPU.ActiveCfg = Release|Any CPU
		{BAF77D81-E1AF-4C76-B2C6-88A274109868}.Release|Any CPU.Build.0 = Release|Any CPU
		{BAF77D81-E1AF-4C76-B2C6-88A274109868}.Release|x64.ActiveCfg = Release|Any CPU
		{BAF77D81-E1AF-4C76-B2C6-88A274109868}.Release|x64.Build.0 = Release|Any CPU
		{BAF77D81-E1AF-4C76-B2C6-88A274109868}.Release|x86.ActiveCfg = Release|Any CPU
		{BAF77D81-E1AF-4C76-B2C6-88A274109868}.Release|x86.Build.0 = Release|Any CPU
		{9985FCAE-9425-4CB2-960F-62B8B2820D79}.Debug|Any CPU.ActiveCfg = Debug|Any CPU
		{9985FCAE-9425-4CB2-960F-62B8B2820D79}.Debug|Any CPU.Build.0 = Debug|Any CPU
		{9985FCAE-9425-4CB2-960F-62B8B2820D79}.Debug|x64.ActiveCfg = Debug|Any CPU
		{9985FCAE-9425-4CB2-960F-62B8B2820D79}.Debug|x64.Build.0 = Debug|Any CPU
		{9985FCAE-9425-4CB2-960F-62B8B2820D79}.Debug|x86.ActiveCfg = Debug|Any CPU
		{9985FCAE-9425-4CB2-960F-62B8B2820D79}.Debug|x86.Build.0 = Debug|Any CPU
		{9985FCAE-9425-4CB2-960F-62B8B2820D79}.Release|Any CPU.ActiveCfg = Release|Any CPU
		{9985FCAE-9425-4CB2-960F-62B8B2820D79}.Release|Any CPU.Build.0 = Release|Any CPU
		{9985FCAE-9425-4CB2-960F-62B8B2820D79}.Release|x64.ActiveCfg = Release|Any CPU
		{9985FCAE-9425-4CB2-960F-62B8B2820D79}.Release|x64.Build.0 = Release|Any CPU
		{9985FCAE-9425-4CB2-960F-62B8B2820D79}.Release|x86.ActiveCfg = Release|Any CPU
		{9985FCAE-9425-4CB2-960F-62B8B2820D79}.Release|x86.Build.0 = Release|Any CPU
		{BACF2C04-7FC7-435C-8A4B-4F3352E4AE19}.Debug|Any CPU.ActiveCfg = Debug|Any CPU
		{BACF2C04-7FC7-435C-8A4B-4F3352E4AE19}.Debug|Any CPU.Build.0 = Debug|Any CPU
		{BACF2C04-7FC7-435C-8A4B-4F3352E4AE19}.Debug|x64.ActiveCfg = Debug|Any CPU
		{BACF2C04-7FC7-435C-8A4B-4F3352E4AE19}.Debug|x64.Build.0 = Debug|Any CPU
		{BACF2C04-7FC7-435C-8A4B-4F3352E4AE19}.Debug|x86.ActiveCfg = Debug|Any CPU
		{BACF2C04-7FC7-435C-8A4B-4F3352E4AE19}.Debug|x86.Build.0 = Debug|Any CPU
		{BACF2C04-7FC7-435C-8A4B-4F3352E4AE19}.Release|Any CPU.ActiveCfg = Release|Any CPU
		{BACF2C04-7FC7-435C-8A4B-4F3352E4AE19}.Release|Any CPU.Build.0 = Release|Any CPU
		{BACF2C04-7FC7-435C-8A4B-4F3352E4AE19}.Release|x64.ActiveCfg = Release|Any CPU
		{BACF2C04-7FC7-435C-8A4B-4F3352E4AE19}.Release|x64.Build.0 = Release|Any CPU
		{BACF2C04-7FC7-435C-8A4B-4F3352E4AE19}.Release|x86.ActiveCfg = Release|Any CPU
		{BACF2C04-7FC7-435C-8A4B-4F3352E4AE19}.Release|x86.Build.0 = Release|Any CPU
		{04B57C0E-B012-4D2D-9D82-BD40C043225E}.Debug|Any CPU.ActiveCfg = Debug|Any CPU
		{04B57C0E-B012-4D2D-9D82-BD40C043225E}.Debug|Any CPU.Build.0 = Debug|Any CPU
		{04B57C0E-B012-4D2D-9D82-BD40C043225E}.Debug|x64.ActiveCfg = Debug|Any CPU
		{04B57C0E-B012-4D2D-9D82-BD40C043225E}.Debug|x64.Build.0 = Debug|Any CPU
		{04B57C0E-B012-4D2D-9D82-BD40C043225E}.Debug|x86.ActiveCfg = Debug|Any CPU
		{04B57C0E-B012-4D2D-9D82-BD40C043225E}.Debug|x86.Build.0 = Debug|Any CPU
		{04B57C0E-B012-4D2D-9D82-BD40C043225E}.Release|Any CPU.ActiveCfg = Release|Any CPU
		{04B57C0E-B012-4D2D-9D82-BD40C043225E}.Release|Any CPU.Build.0 = Release|Any CPU
		{04B57C0E-B012-4D2D-9D82-BD40C043225E}.Release|x64.ActiveCfg = Release|Any CPU
		{04B57C0E-B012-4D2D-9D82-BD40C043225E}.Release|x64.Build.0 = Release|Any CPU
		{04B57C0E-B012-4D2D-9D82-BD40C043225E}.Release|x86.ActiveCfg = Release|Any CPU
		{04B57C0E-B012-4D2D-9D82-BD40C043225E}.Release|x86.Build.0 = Release|Any CPU
		{089D63EE-254B-46AF-86D3-98B16F9F85FA}.Debug|Any CPU.ActiveCfg = Debug|Any CPU
		{089D63EE-254B-46AF-86D3-98B16F9F85FA}.Debug|Any CPU.Build.0 = Debug|Any CPU
		{089D63EE-254B-46AF-86D3-98B16F9F85FA}.Debug|x64.ActiveCfg = Debug|Any CPU
		{089D63EE-254B-46AF-86D3-98B16F9F85FA}.Debug|x64.Build.0 = Debug|Any CPU
		{089D63EE-254B-46AF-86D3-98B16F9F85FA}.Debug|x86.ActiveCfg = Debug|Any CPU
		{089D63EE-254B-46AF-86D3-98B16F9F85FA}.Debug|x86.Build.0 = Debug|Any CPU
		{089D63EE-254B-46AF-86D3-98B16F9F85FA}.Release|Any CPU.ActiveCfg = Release|Any CPU
		{089D63EE-254B-46AF-86D3-98B16F9F85FA}.Release|Any CPU.Build.0 = Release|Any CPU
		{089D63EE-254B-46AF-86D3-98B16F9F85FA}.Release|x64.ActiveCfg = Release|Any CPU
		{089D63EE-254B-46AF-86D3-98B16F9F85FA}.Release|x64.Build.0 = Release|Any CPU
		{089D63EE-254B-46AF-86D3-98B16F9F85FA}.Release|x86.ActiveCfg = Release|Any CPU
		{089D63EE-254B-46AF-86D3-98B16F9F85FA}.Release|x86.Build.0 = Release|Any CPU
		{F681AAFA-C4B9-40CB-AD90-F3BA30A30F01}.Debug|Any CPU.ActiveCfg = Debug|Any CPU
		{F681AAFA-C4B9-40CB-AD90-F3BA30A30F01}.Debug|Any CPU.Build.0 = Debug|Any CPU
		{F681AAFA-C4B9-40CB-AD90-F3BA30A30F01}.Debug|x64.ActiveCfg = Debug|Any CPU
		{F681AAFA-C4B9-40CB-AD90-F3BA30A30F01}.Debug|x64.Build.0 = Debug|Any CPU
		{F681AAFA-C4B9-40CB-AD90-F3BA30A30F01}.Debug|x86.ActiveCfg = Debug|Any CPU
		{F681AAFA-C4B9-40CB-AD90-F3BA30A30F01}.Debug|x86.Build.0 = Debug|Any CPU
		{F681AAFA-C4B9-40CB-AD90-F3BA30A30F01}.Release|Any CPU.ActiveCfg = Release|Any CPU
		{F681AAFA-C4B9-40CB-AD90-F3BA30A30F01}.Release|Any CPU.Build.0 = Release|Any CPU
		{F681AAFA-C4B9-40CB-AD90-F3BA30A30F01}.Release|x64.ActiveCfg = Release|Any CPU
		{F681AAFA-C4B9-40CB-AD90-F3BA30A30F01}.Release|x64.Build.0 = Release|Any CPU
		{F681AAFA-C4B9-40CB-AD90-F3BA30A30F01}.Release|x86.ActiveCfg = Release|Any CPU
		{F681AAFA-C4B9-40CB-AD90-F3BA30A30F01}.Release|x86.Build.0 = Release|Any CPU
	EndGlobalSection
	GlobalSection(SolutionProperties) = preSolution
		HideSolutionNode = FALSE
	EndGlobalSection
	GlobalSection(NestedProjects) = preSolution
		{B2A1C3D4-5E6F-7890-1234-56789ABCDEF0} = {07D57EEB-2F50-60C4-C011-FE4FA775C9A8}
		{BAF77D81-E1AF-4C76-B2C6-88A274109868} = {B2A1C3D4-5E6F-7890-1234-56789ABCDEF0}
		{9985FCAE-9425-4CB2-960F-62B8B2820D79} = {B2A1C3D4-5E6F-7890-1234-56789ABCDEF0}
		{BACF2C04-7FC7-435C-8A4B-4F3352E4AE19} = {23EDDC42-979B-DCE4-80CE-6859901A4DC6}
		{04B57C0E-B012-4D2D-9D82-BD40C043225E} = {23EDDC42-979B-DCE4-80CE-6859901A4DC6}
		{089D63EE-254B-46AF-86D3-98B16F9F85FA} = {23EDDC42-979B-DCE4-80CE-6859901A4DC6}
		{F681AAFA-C4B9-40CB-AD90-F3BA30A30F01} = {23EDDC42-979B-DCE4-80CE-6859901A4DC6}
	EndGlobalSection
EndGlobal
